// !$*UTF8*$!
{
	archiveVersion = 1;
	classes = {
	};
	objectVersion = 50;
	objects = {

/* Begin PBXBuildFile section */
		341ABF82269712BD0061296A /* InfoViewController.swift in Sources */ = {isa = PBXBuildFile; fileRef = 341ABF81269712BD0061296A /* InfoViewController.swift */; };
		347C666D25F566C20049D0A8 /* AppDelegate.swift in Sources */ = {isa = PBXBuildFile; fileRef = 347C666C25F566C20049D0A8 /* AppDelegate.swift */; };
		347C666F25F566C20049D0A8 /* SceneDelegate.swift in Sources */ = {isa = PBXBuildFile; fileRef = 347C666E25F566C20049D0A8 /* SceneDelegate.swift */; };
		347C667125F566C20049D0A8 /* ViewController.swift in Sources */ = {isa = PBXBuildFile; fileRef = 347C667025F566C20049D0A8 /* ViewController.swift */; };
		347C667425F566C20049D0A8 /* Main.storyboard in Resources */ = {isa = PBXBuildFile; fileRef = 347C667225F566C20049D0A8 /* Main.storyboard */; };
		347C667625F566C40049D0A8 /* Assets.xcassets in Resources */ = {isa = PBXBuildFile; fileRef = 347C667525F566C40049D0A8 /* Assets.xcassets */; };
		347C667925F566C40049D0A8 /* LaunchScreen.storyboard in Resources */ = {isa = PBXBuildFile; fileRef = 347C667725F566C40049D0A8 /* LaunchScreen.storyboard */; };
		34E66BF2269B087600661FDC /* PasswordGen.swift in Sources */ = {isa = PBXBuildFile; fileRef = 34E66BF1269B087600661FDC /* PasswordGen.swift */; };
/* End PBXBuildFile section */

/* Begin PBXFileReference section */
		341ABF81269712BD0061296A /* InfoViewController.swift */ = {isa = PBXFileReference; lastKnownFileType = sourcecode.swift; path = InfoViewController.swift; sourceTree = "<group>"; };
		347C666925F566C20049D0A8 /* Password Generator.app */ = {isa = PBXFileReference; explicitFileType = wrapper.application; includeInIndex = 0; path = "Password Generator.app"; sourceTree = BUILT_PRODUCTS_DIR; };
		347C666C25F566C20049D0A8 /* AppDelegate.swift */ = {isa = PBXFileReference; lastKnownFileType = sourcecode.swift; path = AppDelegate.swift; sourceTree = "<group>"; };
		347C666E25F566C20049D0A8 /* SceneDelegate.swift */ = {isa = PBXFileReference; lastKnownFileType = sourcecode.swift; path = SceneDelegate.swift; sourceTree = "<group>"; };
		347C667025F566C20049D0A8 /* ViewController.swift */ = {isa = PBXFileReference; lastKnownFileType = sourcecode.swift; path = ViewController.swift; sourceTree = "<group>"; };
		347C667325F566C20049D0A8 /* Base */ = {isa = PBXFileReference; lastKnownFileType = file.storyboard; name = Base; path = Base.lproj/Main.storyboard; sourceTree = "<group>"; };
		347C667525F566C40049D0A8 /* Assets.xcassets */ = {isa = PBXFileReference; lastKnownFileType = folder.assetcatalog; path = Assets.xcassets; sourceTree = "<group>"; };
		347C667825F566C40049D0A8 /* Base */ = {isa = PBXFileReference; lastKnownFileType = file.storyboard; name = Base; path = Base.lproj/LaunchScreen.storyboard; sourceTree = "<group>"; };
		347C667A25F566C40049D0A8 /* Info.plist */ = {isa = PBXFileReference; lastKnownFileType = text.plist.xml; path = Info.plist; sourceTree = "<group>"; };
		34E66BF1269B087600661FDC /* PasswordGen.swift */ = {isa = PBXFileReference; lastKnownFileType = sourcecode.swift; path = PasswordGen.swift; sourceTree = "<group>"; };
/* End PBXFileReference section */

/* Begin PBXFrameworksBuildPhase section */
		347C666625F566C20049D0A8 /* Frameworks */ = {
			isa = PBXFrameworksBuildPhase;
			buildActionMask = 2147483647;
			files = (
			);
			runOnlyForDeploymentPostprocessing = 0;
		};
/* End PBXFrameworksBuildPhase section */

/* Begin PBXGroup section */
		341ABF7C2697121D0061296A /* Controllers */ = {
			isa = PBXGroup;
			children = (
				347C667025F566C20049D0A8 /* ViewController.swift */,
				341ABF81269712BD0061296A /* InfoViewController.swift */,
			);
			path = Controllers;
			sourceTree = "<group>";
		};
		341ABF7E269712260061296A /* Views */ = {
			isa = PBXGroup;
			children = (
				347C667225F566C20049D0A8 /* Main.storyboard */,
			);
			path = Views;
			sourceTree = "<group>";
		};
		341ABF80269712340061296A /* Models */ = {
			isa = PBXGroup;
			children = (
				34E66BF1269B087600661FDC /* PasswordGen.swift */,
			);
			path = Models;
			sourceTree = "<group>";
		};
		347C666025F566C20049D0A8 = {
			isa = PBXGroup;
			children = (
				347C666B25F566C20049D0A8 /* Password Generator */,
				347C666A25F566C20049D0A8 /* Products */,
			);
			sourceTree = "<group>";
		};
		347C666A25F566C20049D0A8 /* Products */ = {
			isa = PBXGroup;
			children = (
				347C666925F566C20049D0A8 /* Password Generator.app */,
			);
			name = Products;
			sourceTree = "<group>";
		};
		347C666B25F566C20049D0A8 /* Password Generator */ = {
			isa = PBXGroup;
			children = (
				347C666C25F566C20049D0A8 /* AppDelegate.swift */,
				347C666E25F566C20049D0A8 /* SceneDelegate.swift */,
				341ABF80269712340061296A /* Models */,
				341ABF7E269712260061296A /* Views */,
				341ABF7C2697121D0061296A /* Controllers */,
				347C667525F566C40049D0A8 /* Assets.xcassets */,
				347C667725F566C40049D0A8 /* LaunchScreen.storyboard */,
				347C667A25F566C40049D0A8 /* Info.plist */,
			);
			path = "Password Generator";
			sourceTree = "<group>";
		};
/* End PBXGroup section */

/* Begin PBXNativeTarget section */
		347C666825F566C20049D0A8 /* Password Generator */ = {
			isa = PBXNativeTarget;
			buildConfigurationList = 347C667D25F566C40049D0A8 /* Build configuration list for PBXNativeTarget "Password Generator" */;
			buildPhases = (
				347C666525F566C20049D0A8 /* Sources */,
				347C666625F566C20049D0A8 /* Frameworks */,
				347C666725F566C20049D0A8 /* Resources */,
			);
			buildRules = (
			);
			dependencies = (
			);
			name = "Password Generator";
			productName = "Password Generator";
			productReference = 347C666925F566C20049D0A8 /* Password Generator.app */;
			productType = "com.apple.product-type.application";
		};
/* End PBXNativeTarget section */

/* Begin PBXProject section */
		347C666125F566C20049D0A8 /* Project object */ = {
			isa = PBXProject;
			attributes = {
				LastSwiftUpdateCheck = 1240;
				LastUpgradeCheck = 1240;
				TargetAttributes = {
					347C666825F566C20049D0A8 = {
						CreatedOnToolsVersion = 12.4;
					};
				};
			};
			buildConfigurationList = 347C666425F566C20049D0A8 /* Build configuration list for PBXProject "Password Generator" */;
			compatibilityVersion = "Xcode 9.3";
			developmentRegion = en;
			hasScannedForEncodings = 0;
			knownRegions = (
				en,
				Base,
			);
			mainGroup = 347C666025F566C20049D0A8;
			productRefGroup = 347C666A25F566C20049D0A8 /* Products */;
			projectDirPath = "";
			projectRoot = "";
			targets = (
				347C666825F566C20049D0A8 /* Password Generator */,
			);
		};
/* End PBXProject section */

/* Begin PBXResourcesBuildPhase section */
		347C666725F566C20049D0A8 /* Resources */ = {
			isa = PBXResourcesBuildPhase;
			buildActionMask = 2147483647;
			files = (
				347C667925F566C40049D0A8 /* LaunchScreen.storyboard in Resources */,
				347C667625F566C40049D0A8 /* Assets.xcassets in Resources */,
				347C667425F566C20049D0A8 /* Main.storyboard in Resources */,
			);
			runOnlyForDeploymentPostprocessing = 0;
		};
/* End PBXResourcesBuildPhase section */

/* Begin PBXSourcesBuildPhase section */
		347C666525F566C20049D0A8 /* Sources */ = {
			isa = PBXSourcesBuildPhase;
			buildActionMask = 2147483647;
			files = (
				347C667125F566C20049D0A8 /* ViewController.swift in Sources */,
				347C666D25F566C20049D0A8 /* AppDelegate.swift in Sources */,
				341ABF82269712BD0061296A /* InfoViewController.swift in Sources */,
				347C666F25F566C20049D0A8 /* SceneDelegate.swift in Sources */,
				34E66BF2269B087600661FDC /* PasswordGen.swift in Sources */,
			);
			runOnlyForDeploymentPostprocessing = 0;
		};
/* End PBXSourcesBuildPhase section */

/* Begin PBXVariantGroup section */
		347C667225F566C20049D0A8 /* Main.storyboard */ = {
			isa = PBXVariantGroup;
			children = (
				347C667325F566C20049D0A8 /* Base */,
			);
			name = Main.storyboard;
			sourceTree = "<group>";
		};
		347C667725F566C40049D0A8 /* LaunchScreen.storyboard */ = {
			isa = PBXVariantGroup;
			children = (
				347C667825F566C40049D0A8 /* Base */,
			);
			name = LaunchScreen.storyboard;
			sourceTree = "<group>";
		};
/* End PBXVariantGroup section */

/* Begin XCBuildConfiguration section */
		347C667B25F566C40049D0A8 /* Debug */ = {
			isa = XCBuildConfiguration;
			buildSettings = {
				ALWAYS_SEARCH_USER_PATHS = NO;
				CLANG_ANALYZER_NONNULL = YES;
				CLANG_ANALYZER_NUMBER_OBJECT_CONVERSION = YES_AGGRESSIVE;
				CLANG_CXX_LANGUAGE_STANDARD = "gnu++14";
				CLANG_CXX_LIBRARY = "libc++";
				CLANG_ENABLE_MODULES = YES;
				CLANG_ENABLE_OBJC_ARC = YES;
				CLANG_ENABLE_OBJC_WEAK = YES;
				CLANG_WARN_BLOCK_CAPTURE_AUTORELEASING = YES;
				CLANG_WARN_BOOL_CONVERSION = YES;
				CLANG_WARN_COMMA = YES;
				CLANG_WARN_CONSTANT_CONVERSION = YES;
				CLANG_WARN_DEPRECATED_OBJC_IMPLEMENTATIONS = YES;
				CLANG_WARN_DIRECT_OBJC_ISA_USAGE = YES_ERROR;
				CLANG_WARN_DOCUMENTATION_COMMENTS = YES;
				CLANG_WARN_EMPTY_BODY = YES;
				CLANG_WARN_ENUM_CONVERSION = YES;
				CLANG_WARN_INFINITE_RECURSION = YES;
				CLANG_WARN_INT_CONVERSION = YES;
				CLANG_WARN_NON_LITERAL_NULL_CONVERSION = YES;
				CLANG_WARN_OBJC_IMPLICIT_RETAIN_SELF = YES;
				CLANG_WARN_OBJC_LITERAL_CONVERSION = YES;
				CLANG_WARN_OBJC_ROOT_CLASS = YES_ERROR;
				CLANG_WARN_QUOTED_INCLUDE_IN_FRAMEWORK_HEADER = YES;
				CLANG_WARN_RANGE_LOOP_ANALYSIS = YES;
				CLANG_WARN_STRICT_PROTOTYPES = YES;
				CLANG_WARN_SUSPICIOUS_MOVE = YES;
				CLANG_WARN_UNGUARDED_AVAILABILITY = YES_AGGRESSIVE;
				CLANG_WARN_UNREACHABLE_CODE = YES;
				CLANG_WARN__DUPLICATE_METHOD_MATCH = YES;
				COPY_PHASE_STRIP = NO;
				DEBUG_INFORMATION_FORMAT = dwarf;
				ENABLE_STRICT_OBJC_MSGSEND = YES;
				ENABLE_TESTABILITY = YES;
				GCC_C_LANGUAGE_STANDARD = gnu11;
				GCC_DYNAMIC_NO_PIC = NO;
				GCC_NO_COMMON_BLOCKS = YES;
				GCC_OPTIMIZATION_LEVEL = 0;
				GCC_PREPROCESSOR_DEFINITIONS = (
					"DEBUG=1",
					"$(inherited)",
				);
				GCC_WARN_64_TO_32_BIT_CONVERSION = YES;
				GCC_WARN_ABOUT_RETURN_TYPE = YES_ERROR;
				GCC_WARN_UNDECLARED_SELECTOR = YES;
				GCC_WARN_UNINITIALIZED_AUTOS = YES_AGGRESSIVE;
				GCC_WARN_UNUSED_FUNCTION = YES;
				GCC_WARN_UNUSED_VARIABLE = YES;
				IPHONEOS_DEPLOYMENT_TARGET = 14.4;
				MTL_ENABLE_DEBUG_INFO = INCLUDE_SOURCE;
				MTL_FAST_MATH = YES;
				ONLY_ACTIVE_ARCH = YES;
				SDKROOT = iphoneos;
				SWIFT_ACTIVE_COMPILATION_CONDITIONS = DEBUG;
				SWIFT_OPTIMIZATION_LEVEL = "-Onone";
			};
			name = Debug;
		};
		347C667C25F566C40049D0A8 /* Release */ = {
			isa = XCBuildConfiguration;
			buildSettings = {
				ALWAYS_SEARCH_USER_PATHS = NO;
				CLANG_ANALYZER_NONNULL = YES;
				CLANG_ANALYZER_NUMBER_OBJECT_CONVERSION = YES_AGGRESSIVE;
				CLANG_CXX_LANGUAGE_STANDARD = "gnu++14";
				CLANG_CXX_LIBRARY = "libc++";
				CLANG_ENABLE_MODULES = YES;
				CLANG_ENABLE_OBJC_ARC = YES;
				CLANG_ENABLE_OBJC_WEAK = YES;
				CLANG_WARN_BLOCK_CAPTURE_AUTORELEASING = YES;
				CLANG_WARN_BOOL_CONVERSION = YES;
				CLANG_WARN_COMMA = YES;
				CLANG_WARN_CONSTANT_CONVERSION = YES;
				CLANG_WARN_DEPRECATED_OBJC_IMPLEMENTATIONS = YES;
				CLANG_WARN_DIRECT_OBJC_ISA_USAGE = YES_ERROR;
				CLANG_WARN_DOCUMENTATION_COMMENTS = YES;
				CLANG_WARN_EMPTY_BODY = YES;
				CLANG_WARN_ENUM_CONVERSION = YES;
				CLANG_WARN_INFINITE_RECURSION = YES;
				CLANG_WARN_INT_CONVERSION = YES;
				CLANG_WARN_NON_LITERAL_NULL_CONVERSION = YES;
				CLANG_WARN_OBJC_IMPLICIT_RETAIN_SELF = YES;
				CLANG_WARN_OBJC_LITERAL_CONVERSION = YES;
				CLANG_WARN_OBJC_ROOT_CLASS = YES_ERROR;
				CLANG_WARN_QUOTED_INCLUDE_IN_FRAMEWORK_HEADER = YES;
				CLANG_WARN_RANGE_LOOP_ANALYSIS = YES;
				CLANG_WARN_STRICT_PROTOTYPES = YES;
				CLANG_WARN_SUSPICIOUS_MOVE = YES;
				CLANG_WARN_UNGUARDED_AVAILABILITY = YES_AGGRESSIVE;
				CLANG_WARN_UNREACHABLE_CODE = YES;
				CLANG_WARN__DUPLICATE_METHOD_MATCH = YES;
				COPY_PHASE_STRIP = NO;
				DEBUG_INFORMATION_FORMAT = "dwarf-with-dsym";
				ENABLE_NS_ASSERTIONS = NO;
				ENABLE_STRICT_OBJC_MSGSEND = YES;
				GCC_C_LANGUAGE_STANDARD = gnu11;
				GCC_NO_COMMON_BLOCKS = YES;
				GCC_WARN_64_TO_32_BIT_CONVERSION = YES;
				GCC_WARN_ABOUT_RETURN_TYPE = YES_ERROR;
				GCC_WARN_UNDECLARED_SELECTOR = YES;
				GCC_WARN_UNINITIALIZED_AUTOS = YES_AGGRESSIVE;
				GCC_WARN_UNUSED_FUNCTION = YES;
				GCC_WARN_UNUSED_VARIABLE = YES;
				IPHONEOS_DEPLOYMENT_TARGET = 14.4;
				MTL_ENABLE_DEBUG_INFO = NO;
				MTL_FAST_MATH = YES;
				SDKROOT = iphoneos;
				SWIFT_COMPILATION_MODE = wholemodule;
				SWIFT_OPTIMIZATION_LEVEL = "-O";
				VALIDATE_PRODUCT = YES;
			};
			name = Release;
		};
		347C667E25F566C40049D0A8 /* Debug */ = {
			isa = XCBuildConfiguration;
			buildSettings = {
				ASSETCATALOG_COMPILER_APPICON_NAME = AppIcon;
				ASSETCATALOG_COMPILER_GLOBAL_ACCENT_COLOR_NAME = AccentColor;
				CODE_SIGN_STYLE = Automatic;
				DEVELOPMENT_TEAM = 6HQB675M26;
				INFOPLIST_FILE = "Password Generator/Info.plist";
				LD_RUNPATH_SEARCH_PATHS = (
					"$(inherited)",
					"@executable_path/Frameworks",
				);
				PRODUCT_BUNDLE_IDENTIFIER = "Password-Generator";
				PRODUCT_NAME = "$(TARGET_NAME)";
				SWIFT_VERSION = 5.0;
				TARGETED_DEVICE_FAMILY = "1,2";
			};
			name = Debug;
		};
		347C667F25F566C40049D0A8 /* Release */ = {
			isa = XCBuildConfiguration;
			buildSettings = {
				ASSETCATALOG_COMPILER_APPICON_NAME = AppIcon;
				ASSETCATALOG_COMPILER_GLOBAL_ACCENT_COLOR_NAME = AccentColor;
				CODE_SIGN_STYLE = Automatic;
				DEVELOPMENT_TEAM = 6HQB675M26;
				INFOPLIST_FILE = "Password Generator/Info.plist";
				LD_RUNPATH_SEARCH_PATHS = (
					"$(inherited)",
					"@executable_path/Frameworks",
				);
				PRODUCT_BUNDLE_IDENTIFIER = "Password-Generator";
				PRODUCT_NAME = "$(TARGET_NAME)";
				SWIFT_VERSION = 5.0;
				TARGETED_DEVICE_FAMILY = "1,2";
			};
			name = Release;
		};
/* End XCBuildConfiguration section */

/* Begin XCConfigurationList section */
		347C666425F566C20049D0A8 /* Build configuration list for PBXProject "Password Generator" */ = {
			isa = XCConfigurationList;
			buildConfigurations = (
				347C667B25F566C40049D0A8 /* Debug */,
				347C667C25F566C40049D0A8 /* Release */,
			);
			defaultConfigurationIsVisible = 0;
			defaultConfigurationName = Release;
		};
		347C667D25F566C40049D0A8 /* Build configuration list for PBXNativeTarget "Password Generator" */ = {
			isa = XCConfigurationList;
			buildConfigurations = (
				347C667E25F566C40049D0A8 /* Debug */,
				347C667F25F566C40049D0A8 /* Release */,
			);
			defaultConfigurationIsVisible = 0;
			defaultConfigurationName = Release;
		};
/* End XCConfigurationList section */
	};
	rootObject = 347C666125F566C20049D0A8 /* Project object */;
}
